
Microsoft Visual Studio Solution File, Format Version 12.00
# Visual Studio Version 16
VisualStudioVersion = 16.0.30717.126
MinimumVisualStudioVersion = 10.0.40219.1
Project("{8BC9CEB8-8B4A-11D0-8D11-00A0C91BC942}") = "SK-Parameter-Function-Bag3__C", "SK-Parameter-Function-Bag3__C\SK-Parameter-Function-Bag3__C.vcxproj", "{98F064E1-BD6F-41CA-ACB5-E5C680859B45}"
EndProject
Global
	GlobalSection(SolutionConfigurationPlatforms) = preSolution
		Debug|x64 = Debug|x64
		Debug|x86 = Debug|x86
		Release|x64 = Release|x64
		Release|x86 = Release|x86
	EndGlobalSection
	GlobalSection(ProjectConfigurationPlatforms) = postSolution
		{98F064E1-BD6F-41CA-ACB5-E5C680859B45}.Debug|x64.ActiveCfg = Debug|x64
		{98F064E1-BD6F-41CA-ACB5-E5C680859B45}.Debug|x64.Build.0 = Debug|x64
		{98F064E1-BD6F-41CA-ACB5-E5C680859B45}.Debug|x86.ActiveCfg = Debug|Win32
		{98F064E1-BD6F-41CA-ACB5-E5C680859B45}.Debug|x86.Build.0 = Debug|Win32
		{98F064E1-BD6F-41CA-ACB5-E5C680859B45}.Release|x64.ActiveCfg = Release|x64
		{98F064E1-BD6F-41CA-ACB5-E5C680859B45}.Release|x64.Build.0 = Release|x64
		{98F064E1-BD6F-41CA-ACB5-E5C680859B45}.Release|x86.ActiveCfg = Release|Win32
		{98F064E1-BD6F-41CA-ACB5-E5C680859B45}.Release|x86.Build.0 = Release|Win32
	EndGlobalSection
	GlobalSection(SolutionProperties) = preSolution
		HideSolutionNode = FALSE
	EndGlobalSection
	GlobalSection(ExtensibilityGlobals) = postSolution
		SolutionGuid = {DC3B8D26-75F9-4DE6-B890-38BAF8D29331}
	EndGlobalSection
EndGlobal
